
Microsoft Visual Studio Solution File, Format Version 12.00
# Visual Studio Version 16
VisualStudioVersion = 16.0.30611.23
MinimumVisualStudioVersion = 10.0.40219.1
Project("{FAE04EC0-301F-11D3-BF4B-00C04F79EFBC}") = "NumberConversionApp", "NumberConversionApp.csproj", "{113D050E-E26F-4101-BD69-C18A2A85D5E5}"
EndProject
Global
	GlobalSection(SolutionConfigurationPlatforms) = preSolution
		Debug|Any CPU = Debug|Any CPU
		Release|Any CPU = Release|Any CPU
	EndGlobalSection
	GlobalSection(ProjectConfigurationPlatforms) = postSolution
		{113D050E-E26F-4101-BD69-C18A2A85D5E5}.Debug|Any CPU.ActiveCfg = Debug|Any CPU
		{113D050E-E26F-4101-BD69-C18A2A85D5E5}.Debug|Any CPU.Build.0 = Debug|Any CPU
		{113D050E-E26F-4101-BD69-C18A2A85D5E5}.Release|Any CPU.ActiveCfg = Release|Any CPU
		{113D050E-E26F-4101-BD69-C18A2A85D5E5}.Release|Any CPU.Build.0 = Release|Any CPU
	EndGlobalSection
	GlobalSection(SolutionProperties) = preSolution
		HideSolutionNode = FALSE
	EndGlobalSection
	GlobalSection(ExtensibilityGlobals) = postSolution
		SolutionGuid = {ED19C9B9-ACC6-4493-B762-58CBF679BCCF}
	EndGlobalSection
EndGlobal
